// !$*UTF8*$!
{
	archiveVersion = 1;
	classes = {
	};
	objectVersion = 56;
	objects = {

/* Begin PBXBuildFile section */
		020ADA0029F9DAFE0011B6A7 /* AppDelegate.swift in Sources */ = {isa = PBXBuildFile; fileRef = 020AD9FF29F9DAFE0011B6A7 /* AppDelegate.swift */; };
		020ADA0229F9DAFE0011B6A7 /* SceneDelegate.swift in Sources */ = {isa = PBXBuildFile; fileRef = 020ADA0129F9DAFE0011B6A7 /* SceneDelegate.swift */; };
		020ADA0429F9DAFE0011B6A7 /* ViewController.swift in Sources */ = {isa = PBXBuildFile; fileRef = 020ADA0329F9DAFE0011B6A7 /* ViewController.swift */; };
		020ADA0729F9DAFE0011B6A7 /* Main.storyboard in Resources */ = {isa = PBXBuildFile; fileRef = 020ADA0529F9DAFE0011B6A7 /* Main.storyboard */; };
		020ADA0929F9DB000011B6A7 /* Assets.xcassets in Resources */ = {isa = PBXBuildFile; fileRef = 020ADA0829F9DB000011B6A7 /* Assets.xcassets */; };
		020ADA0C29F9DB000011B6A7 /* LaunchScreen.storyboard in Resources */ = {isa = PBXBuildFile; fileRef = 020ADA0A29F9DB000011B6A7 /* LaunchScreen.storyboard */; };
		020ADA1629F9DCEE0011B6A7 /* FormViewController.swift in Sources */ = {isa = PBXBuildFile; fileRef = 020ADA1429F9DCEE0011B6A7 /* FormViewController.swift */; };
		020ADA1729F9DCEE0011B6A7 /* FormViewController.xib in Resources */ = {isa = PBXBuildFile; fileRef = 020ADA1529F9DCEE0011B6A7 /* FormViewController.xib */; };
		020ADA1A29F9DE830011B6A7 /* CoreDataManager.swift in Sources */ = {isa = PBXBuildFile; fileRef = 020ADA1929F9DE830011B6A7 /* CoreDataManager.swift */; };
		020ADA1E29F9DED00011B6A7 /* ModelExample.xcdatamodeld in Sources */ = {isa = PBXBuildFile; fileRef = 020ADA1C29F9DED00011B6A7 /* ModelExample.xcdatamodeld */; };
		0226DF0F29F9E8B400F802AE /* CoreDataMigation.swift in Sources */ = {isa = PBXBuildFile; fileRef = 0226DF0E29F9E8B400F802AE /* CoreDataMigation.swift */; };
		0226DF1329F9EC3000F802AE /* UserEntity+CoreDataClass.swift in Sources */ = {isa = PBXBuildFile; fileRef = 0226DF1129F9EC3000F802AE /* UserEntity+CoreDataClass.swift */; };
		0226DF1429F9EC3000F802AE /* UserEntity+CoreDataProperties.swift in Sources */ = {isa = PBXBuildFile; fileRef = 0226DF1229F9EC3000F802AE /* UserEntity+CoreDataProperties.swift */; };
/* End PBXBuildFile section */

/* Begin PBXFileReference section */
		020AD9FC29F9DAFE0011B6A7 /* CoreDataBAZExample.app */ = {isa = PBXFileReference; explicitFileType = wrapper.application; includeInIndex = 0; path = CoreDataBAZExample.app; sourceTree = BUILT_PRODUCTS_DIR; };
		020AD9FF29F9DAFE0011B6A7 /* AppDelegate.swift */ = {isa = PBXFileReference; lastKnownFileType = sourcecode.swift; path = AppDelegate.swift; sourceTree = "<group>"; };
		020ADA0129F9DAFE0011B6A7 /* SceneDelegate.swift */ = {isa = PBXFileReference; lastKnownFileType = sourcecode.swift; path = SceneDelegate.swift; sourceTree = "<group>"; };
		020ADA0329F9DAFE0011B6A7 /* ViewController.swift */ = {isa = PBXFileReference; lastKnownFileType = sourcecode.swift; path = ViewController.swift; sourceTree = "<group>"; };
		020ADA0629F9DAFE0011B6A7 /* Base */ = {isa = PBXFileReference; lastKnownFileType = file.storyboard; name = Base; path = Base.lproj/Main.storyboard; sourceTree = "<group>"; };
		020ADA0829F9DB000011B6A7 /* Assets.xcassets */ = {isa = PBXFileReference; lastKnownFileType = folder.assetcatalog; path = Assets.xcassets; sourceTree = "<group>"; };
		020ADA0B29F9DB000011B6A7 /* Base */ = {isa = PBXFileReference; lastKnownFileType = file.storyboard; name = Base; path = Base.lproj/LaunchScreen.storyboard; sourceTree = "<group>"; };
		020ADA0D29F9DB000011B6A7 /* Info.plist */ = {isa = PBXFileReference; lastKnownFileType = text.plist.xml; path = Info.plist; sourceTree = "<group>"; };
		020ADA1429F9DCEE0011B6A7 /* FormViewController.swift */ = {isa = PBXFileReference; lastKnownFileType = sourcecode.swift; path = FormViewController.swift; sourceTree = "<group>"; };
		020ADA1529F9DCEE0011B6A7 /* FormViewController.xib */ = {isa = PBXFileReference; lastKnownFileType = file.xib; path = FormViewController.xib; sourceTree = "<group>"; };
		020ADA1929F9DE830011B6A7 /* CoreDataManager.swift */ = {isa = PBXFileReference; lastKnownFileType = sourcecode.swift; path = CoreDataManager.swift; sourceTree = "<group>"; };
		020ADA1D29F9DED00011B6A7 /* ModelExample.xcdatamodel */ = {isa = PBXFileReference; lastKnownFileType = wrapper.xcdatamodel; path = ModelExample.xcdatamodel; sourceTree = "<group>"; };
		0226DF0E29F9E8B400F802AE /* CoreDataMigation.swift */ = {isa = PBXFileReference; lastKnownFileType = sourcecode.swift; path = CoreDataMigation.swift; sourceTree = "<group>"; };
		0226DF1029F9E95A00F802AE /* ModelExample 2.xcdatamodel */ = {isa = PBXFileReference; lastKnownFileType = wrapper.xcdatamodel; path = "ModelExample 2.xcdatamodel"; sourceTree = "<group>"; };
		0226DF1129F9EC3000F802AE /* UserEntity+CoreDataClass.swift */ = {isa = PBXFileReference; lastKnownFileType = sourcecode.swift; path = "UserEntity+CoreDataClass.swift"; sourceTree = "<group>"; };
		0226DF1229F9EC3000F802AE /* UserEntity+CoreDataProperties.swift */ = {isa = PBXFileReference; lastKnownFileType = sourcecode.swift; path = "UserEntity+CoreDataProperties.swift"; sourceTree = "<group>"; };
/* End PBXFileReference section */

/* Begin PBXFrameworksBuildPhase section */
		020AD9F929F9DAFE0011B6A7 /* Frameworks */ = {
			isa = PBXFrameworksBuildPhase;
			buildActionMask = 2147483647;
			files = (
			);
			runOnlyForDeploymentPostprocessing = 0;
		};
/* End PBXFrameworksBuildPhase section */

/* Begin PBXGroup section */
		020AD9F329F9DAFE0011B6A7 = {
			isa = PBXGroup;
			children = (
				0226DF1129F9EC3000F802AE /* UserEntity+CoreDataClass.swift */,
				0226DF1229F9EC3000F802AE /* UserEntity+CoreDataProperties.swift */,
				020AD9FE29F9DAFE0011B6A7 /* CoreDataBAZExample */,
				020AD9FD29F9DAFE0011B6A7 /* Products */,
			);
			sourceTree = "<group>";
		};
		020AD9FD29F9DAFE0011B6A7 /* Products */ = {
			isa = PBXGroup;
			children = (
				020AD9FC29F9DAFE0011B6A7 /* CoreDataBAZExample.app */,
			);
			name = Products;
			sourceTree = "<group>";
		};
		020AD9FE29F9DAFE0011B6A7 /* CoreDataBAZExample */ = {
			isa = PBXGroup;
			children = (
				020ADA1B29F9DEB50011B6A7 /* DataBases */,
				020ADA1829F9DE6C0011B6A7 /* Manager */,
				020ADA1329F9DCCD0011B6A7 /* Form */,
				020AD9FF29F9DAFE0011B6A7 /* AppDelegate.swift */,
				020ADA0129F9DAFE0011B6A7 /* SceneDelegate.swift */,
				020ADA0329F9DAFE0011B6A7 /* ViewController.swift */,
				020ADA0529F9DAFE0011B6A7 /* Main.storyboard */,
				020ADA0829F9DB000011B6A7 /* Assets.xcassets */,
				020ADA0A29F9DB000011B6A7 /* LaunchScreen.storyboard */,
				020ADA0D29F9DB000011B6A7 /* Info.plist */,
			);
			path = CoreDataBAZExample;
			sourceTree = "<group>";
		};
		020ADA1329F9DCCD0011B6A7 /* Form */ = {
			isa = PBXGroup;
			children = (
				020ADA1429F9DCEE0011B6A7 /* FormViewController.swift */,
				020ADA1529F9DCEE0011B6A7 /* FormViewController.xib */,
			);
			path = Form;
			sourceTree = "<group>";
		};
		020ADA1829F9DE6C0011B6A7 /* Manager */ = {
			isa = PBXGroup;
			children = (
				020ADA1929F9DE830011B6A7 /* CoreDataManager.swift */,
				0226DF0E29F9E8B400F802AE /* CoreDataMigation.swift */,
			);
			path = Manager;
			sourceTree = "<group>";
		};
		020ADA1B29F9DEB50011B6A7 /* DataBases */ = {
			isa = PBXGroup;
			children = (
				020ADA1C29F9DED00011B6A7 /* ModelExample.xcdatamodeld */,
			);
			path = DataBases;
			sourceTree = "<group>";
		};
/* End PBXGroup section */

/* Begin PBXNativeTarget section */
		020AD9FB29F9DAFE0011B6A7 /* CoreDataBAZExample */ = {
			isa = PBXNativeTarget;
			buildConfigurationList = 020ADA1029F9DB000011B6A7 /* Build configuration list for PBXNativeTarget "CoreDataBAZExample" */;
			buildPhases = (
				020AD9F829F9DAFE0011B6A7 /* Sources */,
				020AD9F929F9DAFE0011B6A7 /* Frameworks */,
				020AD9FA29F9DAFE0011B6A7 /* Resources */,
			);
			buildRules = (
			);
			dependencies = (
			);
			name = CoreDataBAZExample;
			productName = CoreDataBAZExample;
			productReference = 020AD9FC29F9DAFE0011B6A7 /* CoreDataBAZExample.app */;
			productType = "com.apple.product-type.application";
		};
/* End PBXNativeTarget section */

/* Begin PBXProject section */
		020AD9F429F9DAFE0011B6A7 /* Project object */ = {
			isa = PBXProject;
			attributes = {
				BuildIndependentTargetsInParallel = 1;
				LastSwiftUpdateCheck = 1410;
				LastUpgradeCheck = 1410;
				TargetAttributes = {
					020AD9FB29F9DAFE0011B6A7 = {
						CreatedOnToolsVersion = 14.1;
					};
				};
			};
			buildConfigurationList = 020AD9F729F9DAFE0011B6A7 /* Build configuration list for PBXProject "CoreDataBAZExample" */;
			compatibilityVersion = "Xcode 14.0";
			developmentRegion = en;
			hasScannedForEncodings = 0;
			knownRegions = (
				en,
				Base,
			);
			mainGroup = 020AD9F329F9DAFE0011B6A7;
			productRefGroup = 020AD9FD29F9DAFE0011B6A7 /* Products */;
			projectDirPath = "";
			projectRoot = "";
			targets = (
				020AD9FB29F9DAFE0011B6A7 /* CoreDataBAZExample */,
			);
		};
/* End PBXProject section */

/* Begin PBXResourcesBuildPhase section */
		020AD9FA29F9DAFE0011B6A7 /* Resources */ = {
			isa = PBXResourcesBuildPhase;
			buildActionMask = 2147483647;
			files = (
				020ADA0C29F9DB000011B6A7 /* LaunchScreen.storyboard in Resources */,
				020ADA0929F9DB000011B6A7 /* Assets.xcassets in Resources */,
				020ADA1729F9DCEE0011B6A7 /* FormViewController.xib in Resources */,
				020ADA0729F9DAFE0011B6A7 /* Main.storyboard in Resources */,
			);
			runOnlyForDeploymentPostprocessing = 0;
		};
/* End PBXResourcesBuildPhase section */

/* Begin PBXSourcesBuildPhase section */
		020AD9F829F9DAFE0011B6A7 /* Sources */ = {
			isa = PBXSourcesBuildPhase;
			buildActionMask = 2147483647;
			files = (
				0226DF1429F9EC3000F802AE /* UserEntity+CoreDataProperties.swift in Sources */,
				0226DF1329F9EC3000F802AE /* UserEntity+CoreDataClass.swift in Sources */,
				020ADA1E29F9DED00011B6A7 /* ModelExample.xcdatamodeld in Sources */,
				020ADA0429F9DAFE0011B6A7 /* ViewController.swift in Sources */,
				020ADA0029F9DAFE0011B6A7 /* AppDelegate.swift in Sources */,
				020ADA1629F9DCEE0011B6A7 /* FormViewController.swift in Sources */,
				0226DF0F29F9E8B400F802AE /* CoreDataMigation.swift in Sources */,
				020ADA1A29F9DE830011B6A7 /* CoreDataManager.swift in Sources */,
				020ADA0229F9DAFE0011B6A7 /* SceneDelegate.swift in Sources */,
			);
			runOnlyForDeploymentPostprocessing = 0;
		};
/* End PBXSourcesBuildPhase section */

/* Begin PBXVariantGroup section */
		020ADA0529F9DAFE0011B6A7 /* Main.storyboard */ = {
			isa = PBXVariantGroup;
			children = (
				020ADA0629F9DAFE0011B6A7 /* Base */,
			);
			name = Main.storyboard;
			sourceTree = "<group>";
		};
		020ADA0A29F9DB000011B6A7 /* LaunchScreen.storyboard */ = {
			isa = PBXVariantGroup;
			children = (
				020ADA0B29F9DB000011B6A7 /* Base */,
			);
			name = LaunchScreen.storyboard;
			sourceTree = "<group>";
		};
/* End PBXVariantGroup section */

/* Begin XCBuildConfiguration section */
		020ADA0E29F9DB000011B6A7 /* Debug */ = {
			isa = XCBuildConfiguration;
			buildSettings = {
				ALWAYS_SEARCH_USER_PATHS = NO;
				CLANG_ANALYZER_NONNULL = YES;
				CLANG_ANALYZER_NUMBER_OBJECT_CONVERSION = YES_AGGRESSIVE;
				CLANG_CXX_LANGUAGE_STANDARD = "gnu++20";
				CLANG_ENABLE_MODULES = YES;
				CLANG_ENABLE_OBJC_ARC = YES;
				CLANG_ENABLE_OBJC_WEAK = YES;
				CLANG_WARN_BLOCK_CAPTURE_AUTORELEASING = YES;
				CLANG_WARN_BOOL_CONVERSION = YES;
				CLANG_WARN_COMMA = YES;
				CLANG_WARN_CONSTANT_CONVERSION = YES;
				CLANG_WARN_DEPRECATED_OBJC_IMPLEMENTATIONS = YES;
				CLANG_WARN_DIRECT_OBJC_ISA_USAGE = YES_ERROR;
				CLANG_WARN_DOCUMENTATION_COMMENTS = YES;
				CLANG_WARN_EMPTY_BODY = YES;
				CLANG_WARN_ENUM_CONVERSION = YES;
				CLANG_WARN_INFINITE_RECURSION = YES;
				CLANG_WARN_INT_CONVERSION = YES;
				CLANG_WARN_NON_LITERAL_NULL_CONVERSION = YES;
				CLANG_WARN_OBJC_IMPLICIT_RETAIN_SELF = YES;
				CLANG_WARN_OBJC_LITERAL_CONVERSION = YES;
				CLANG_WARN_OBJC_ROOT_CLASS = YES_ERROR;
				CLANG_WARN_QUOTED_INCLUDE_IN_FRAMEWORK_HEADER = YES;
				CLANG_WARN_RANGE_LOOP_ANALYSIS = YES;
				CLANG_WARN_STRICT_PROTOTYPES = YES;
				CLANG_WARN_SUSPICIOUS_MOVE = YES;
				CLANG_WARN_UNGUARDED_AVAILABILITY = YES_AGGRESSIVE;
				CLANG_WARN_UNREACHABLE_CODE = YES;
				CLANG_WARN__DUPLICATE_METHOD_MATCH = YES;
				COPY_PHASE_STRIP = NO;
				DEBUG_INFORMATION_FORMAT = dwarf;
				ENABLE_STRICT_OBJC_MSGSEND = YES;
				ENABLE_TESTABILITY = YES;
				GCC_C_LANGUAGE_STANDARD = gnu11;
				GCC_DYNAMIC_NO_PIC = NO;
				GCC_NO_COMMON_BLOCKS = YES;
				GCC_OPTIMIZATION_LEVEL = 0;
				GCC_PREPROCESSOR_DEFINITIONS = (
					"DEBUG=1",
					"$(inherited)",
				);
				GCC_WARN_64_TO_32_BIT_CONVERSION = YES;
				GCC_WARN_ABOUT_RETURN_TYPE = YES_ERROR;
				GCC_WARN_UNDECLARED_SELECTOR = YES;
				GCC_WARN_UNINITIALIZED_AUTOS = YES_AGGRESSIVE;
				GCC_WARN_UNUSED_FUNCTION = YES;
				GCC_WARN_UNUSED_VARIABLE = YES;
				IPHONEOS_DEPLOYMENT_TARGET = 16.1;
				MTL_ENABLE_DEBUG_INFO = INCLUDE_SOURCE;
				MTL_FAST_MATH = YES;
				ONLY_ACTIVE_ARCH = YES;
				SDKROOT = iphoneos;
				SWIFT_ACTIVE_COMPILATION_CONDITIONS = DEBUG;
				SWIFT_OPTIMIZATION_LEVEL = "-Onone";
			};
			name = Debug;
		};
		020ADA0F29F9DB000011B6A7 /* Release */ = {
			isa = XCBuildConfiguration;
			buildSettings = {
				ALWAYS_SEARCH_USER_PATHS = NO;
				CLANG_ANALYZER_NONNULL = YES;
				CLANG_ANALYZER_NUMBER_OBJECT_CONVERSION = YES_AGGRESSIVE;
				CLANG_CXX_LANGUAGE_STANDARD = "gnu++20";
				CLANG_ENABLE_MODULES = YES;
				CLANG_ENABLE_OBJC_ARC = YES;
				CLANG_ENABLE_OBJC_WEAK = YES;
				CLANG_WARN_BLOCK_CAPTURE_AUTORELEASING = YES;
				CLANG_WARN_BOOL_CONVERSION = YES;
				CLANG_WARN_COMMA = YES;
				CLANG_WARN_CONSTANT_CONVERSION = YES;
				CLANG_WARN_DEPRECATED_OBJC_IMPLEMENTATIONS = YES;
				CLANG_WARN_DIRECT_OBJC_ISA_USAGE = YES_ERROR;
				CLANG_WARN_DOCUMENTATION_COMMENTS = YES;
				CLANG_WARN_EMPTY_BODY = YES;
				CLANG_WARN_ENUM_CONVERSION = YES;
				CLANG_WARN_INFINITE_RECURSION = YES;
				CLANG_WARN_INT_CONVERSION = YES;
				CLANG_WARN_NON_LITERAL_NULL_CONVERSION = YES;
				CLANG_WARN_OBJC_IMPLICIT_RETAIN_SELF = YES;
				CLANG_WARN_OBJC_LITERAL_CONVERSION = YES;
				CLANG_WARN_OBJC_ROOT_CLASS = YES_ERROR;
				CLANG_WARN_QUOTED_INCLUDE_IN_FRAMEWORK_HEADER = YES;
				CLANG_WARN_RANGE_LOOP_ANALYSIS = YES;
				CLANG_WARN_STRICT_PROTOTYPES = YES;
				CLANG_WARN_SUSPICIOUS_MOVE = YES;
				CLANG_WARN_UNGUARDED_AVAILABILITY = YES_AGGRESSIVE;
				CLANG_WARN_UNREACHABLE_CODE = YES;
				CLANG_WARN__DUPLICATE_METHOD_MATCH = YES;
				COPY_PHASE_STRIP = NO;
				DEBUG_INFORMATION_FORMAT = "dwarf-with-dsym";
				ENABLE_NS_ASSERTIONS = NO;
				ENABLE_STRICT_OBJC_MSGSEND = YES;
				GCC_C_LANGUAGE_STANDARD = gnu11;
				GCC_NO_COMMON_BLOCKS = YES;
				GCC_WARN_64_TO_32_BIT_CONVERSION = YES;
				GCC_WARN_ABOUT_RETURN_TYPE = YES_ERROR;
				GCC_WARN_UNDECLARED_SELECTOR = YES;
				GCC_WARN_UNINITIALIZED_AUTOS = YES_AGGRESSIVE;
				GCC_WARN_UNUSED_FUNCTION = YES;
				GCC_WARN_UNUSED_VARIABLE = YES;
				IPHONEOS_DEPLOYMENT_TARGET = 16.1;
				MTL_ENABLE_DEBUG_INFO = NO;
				MTL_FAST_MATH = YES;
				SDKROOT = iphoneos;
				SWIFT_COMPILATION_MODE = wholemodule;
				SWIFT_OPTIMIZATION_LEVEL = "-O";
				VALIDATE_PRODUCT = YES;
			};
			name = Release;
		};
		020ADA1129F9DB000011B6A7 /* Debug */ = {
			isa = XCBuildConfiguration;
			buildSettings = {
				ASSETCATALOG_COMPILER_APPICON_NAME = AppIcon;
				ASSETCATALOG_COMPILER_GLOBAL_ACCENT_COLOR_NAME = AccentColor;
				CODE_SIGN_STYLE = Automatic;
				CURRENT_PROJECT_VERSION = 1;
				DEVELOPMENT_TEAM = 747XY5QBGT;
				GENERATE_INFOPLIST_FILE = YES;
				INFOPLIST_FILE = CoreDataBAZExample/Info.plist;
				INFOPLIST_KEY_UIApplicationSupportsIndirectInputEvents = YES;
				INFOPLIST_KEY_UILaunchStoryboardName = LaunchScreen;
				INFOPLIST_KEY_UIMainStoryboardFile = Main;
				INFOPLIST_KEY_UISupportedInterfaceOrientations_iPad = "UIInterfaceOrientationPortrait UIInterfaceOrientationPortraitUpsideDown UIInterfaceOrientationLandscapeLeft UIInterfaceOrientationLandscapeRight";
				INFOPLIST_KEY_UISupportedInterfaceOrientations_iPhone = "UIInterfaceOrientationPortrait UIInterfaceOrientationLandscapeLeft UIInterfaceOrientationLandscapeRight";
				LD_RUNPATH_SEARCH_PATHS = (
					"$(inherited)",
					"@executable_path/Frameworks",
				);
				MARKETING_VERSION = 1.0;
				PRODUCT_BUNDLE_IDENTIFIER = wizeline.CoreDataBAZExample;
				PRODUCT_NAME = "$(TARGET_NAME)";
				SWIFT_EMIT_LOC_STRINGS = YES;
				SWIFT_VERSION = 5.0;
				TARGETED_DEVICE_FAMILY = "1,2";
			};
			name = Debug;
		};
		020ADA1229F9DB000011B6A7 /* Release */ = {
			isa = XCBuildConfiguration;
			buildSettings = {
				ASSETCATALOG_COMPILER_APPICON_NAME = AppIcon;
				ASSETCATALOG_COMPILER_GLOBAL_ACCENT_COLOR_NAME = AccentColor;
				CODE_SIGN_STYLE = Automatic;
				CURRENT_PROJECT_VERSION = 1;
				DEVELOPMENT_TEAM = 747XY5QBGT;
				GENERATE_INFOPLIST_FILE = YES;
				INFOPLIST_FILE = CoreDataBAZExample/Info.plist;
				INFOPLIST_KEY_UIApplicationSupportsIndirectInputEvents = YES;
				INFOPLIST_KEY_UILaunchStoryboardName = LaunchScreen;
				INFOPLIST_KEY_UIMainStoryboardFile = Main;
				INFOPLIST_KEY_UISupportedInterfaceOrientations_iPad = "UIInterfaceOrientationPortrait UIInterfaceOrientationPortraitUpsideDown UIInterfaceOrientationLandscapeLeft UIInterfaceOrientationLandscapeRight";
				INFOPLIST_KEY_UISupportedInterfaceOrientations_iPhone = "UIInterfaceOrientationPortrait UIInterfaceOrientationLandscapeLeft UIInterfaceOrientationLandscapeRight";
				LD_RUNPATH_SEARCH_PATHS = (
					"$(inherited)",
					"@executable_path/Frameworks",
				);
				MARKETING_VERSION = 1.0;
				PRODUCT_BUNDLE_IDENTIFIER = wizeline.CoreDataBAZExample;
				PRODUCT_NAME = "$(TARGET_NAME)";
				SWIFT_EMIT_LOC_STRINGS = YES;
				SWIFT_VERSION = 5.0;
				TARGETED_DEVICE_FAMILY = "1,2";
			};
			name = Release;
		};
/* End XCBuildConfiguration section */

/* Begin XCConfigurationList section */
		020AD9F729F9DAFE0011B6A7 /* Build configuration list for PBXProject "CoreDataBAZExample" */ = {
			isa = XCConfigurationList;
			buildConfigurations = (
				020ADA0E29F9DB000011B6A7 /* Debug */,
				020ADA0F29F9DB000011B6A7 /* Release */,
			);
			defaultConfigurationIsVisible = 0;
			defaultConfigurationName = Release;
		};
		020ADA1029F9DB000011B6A7 /* Build configuration list for PBXNativeTarget "CoreDataBAZExample" */ = {
			isa = XCConfigurationList;
			buildConfigurations = (
				020ADA1129F9DB000011B6A7 /* Debug */,
				020ADA1229F9DB000011B6A7 /* Release */,
			);
			defaultConfigurationIsVisible = 0;
			defaultConfigurationName = Release;
		};
/* End XCConfigurationList section */

/* Begin XCVersionGroup section */
		020ADA1C29F9DED00011B6A7 /* ModelExample.xcdatamodeld */ = {
			isa = XCVersionGroup;
			children = (
				0226DF1029F9E95A00F802AE /* ModelExample 2.xcdatamodel */,
				020ADA1D29F9DED00011B6A7 /* ModelExample.xcdatamodel */,
			);
			currentVersion = 020ADA1D29F9DED00011B6A7 /* ModelExample.xcdatamodel */;
			path = ModelExample.xcdatamodeld;
			sourceTree = "<group>";
			versionGroupType = wrapper.xcdatamodel;
		};
/* End XCVersionGroup section */
	};
	rootObject = 020AD9F429F9DAFE0011B6A7 /* Project object */;
}
